<?xml version="1.0" encoding="UTF-8"?>
<Scheme
   LastUpgradeVersion = "1400"
   version = "1.3">
   <BuildAction
      parallelizeBuildables = "YES"
      buildImplicitDependencies = "YES">
      <BuildActionEntries>
         <BuildActionEntry
            buildForTesting = "YES"
            buildForRunning = "YES"
            buildForProfiling = "YES"
            buildForArchiving = "YES"
            buildForAnalyzing = "YES">
            <BuildableReference
               BuildableIdentifier = "primary"
               BlueprintIdentifier = "ANKFullWidthKit"
               BuildableName = "ANKFullWidthKit"
               BlueprintName = "ANKFullWidthKit"
               ReferencedContainer = "container:">
            </BuildableReference>
         </BuildActionEntry>
         <BuildActionEntry
            buildForTesting = "YES"
            buildForRunning = "NO"
            buildForProfiling = "YES"
            buildForArchiving = "NO"
            buildForAnalyzing = "YES">
            <BuildableReference
               BuildableIdentifier = "primary"
               BlueprintIdentifier = "ANKFullWidthKitBenchmarks"
               BuildableName = "ANKFullWidthKitBenchmarks"
               BlueprintName = "ANKFullWidthKitBenchmarks"
               ReferencedContainer = "container:">
            </BuildableReference>
         </BuildActionEntry>
      </BuildActionEntries>
   </BuildAction>
   <TestAction
      buildConfiguration = "Release"
      selectedDebuggerIdentifier = "Xcode.DebuggerFoundation.Debugger.LLDB"
      selectedLauncherIdentifier = "Xcode.DebuggerFoundation.Launcher.LLDB"
      shouldUseLaunchSchemeArgsEnv = "YES">
      <Testables>
         <TestableReference
            skipped = "NO">
            <BuildableReference
               BuildableIdentifier = "primary"
               BlueprintIdentifier = "ANKFullWidthKitBenchmarks"
               BuildableName = "ANKFullWidthKitBenchmarks"
               BlueprintName = "ANKFullWidthKitBenchmarks"
               ReferencedContainer = "container:">
            </BuildableReference>
            <SkippedTests>
               <Test
                  Identifier = "Int192BenchmarksOnText/testDecodePowerOf2UsingStdlib()">
               </Test>
               <Test
                  Identifier = "Int192BenchmarksOnText/testDecodeUsingStdlib()">
               </Test>
               <Test
                  Identifier = "Int192BenchmarksOnText/testEncodePowerOf2UsingStdlib()">
               </Test>
               <Test
                  Identifier = "Int192BenchmarksOnText/testEncodeUsingSwiftStdlib()">
               </Test>
               <Test
                  Identifier = "Int256BenchmarksOnText/testDecodePowerOf2UsingStdlib()">
               </Test>
               <Test
                  Identifier = "Int256BenchmarksOnText/testDecodeUsingStdlib()">
               </Test>
               <Test
                  Identifier = "Int256BenchmarksOnText/testEncodePowerOf2UsingStdlib()">
               </Test>
               <Test
                  Identifier = "Int256BenchmarksOnText/testEncodeUsingSwiftStdlib()">
               </Test>
               <Test
                  Identifier = "UInt192BenchmarksOnText/testDecodePowerOf2UsingStdlib()">
               </Test>
               <Test
                  Identifier = "UInt192BenchmarksOnText/testDecodePowerOf2UsingSwiftStdlib()">
               </Test>
               <Test
                  Identifier = "UInt192BenchmarksOnText/testDecodeUsingStdlib()">
               </Test>
               <Test
                  Identifier = "UInt192BenchmarksOnText/testDecodeUsingSwiftStdlib()">
               </Test>
               <Test
                  Identifier = "UInt192BenchmarksOnText/testEncodePowerOf2UsingStdlib()">
               </Test>
               <Test
                  Identifier = "UInt192BenchmarksOnText/testEncodePowerOf2UsingSwiftStdlib()">
               </Test>
               <Test
                  Identifier = "UInt192BenchmarksOnText/testEncodeUsingSwiftStdlib()">
               </Test>
               <Test
                  Identifier = "UInt256BenchmarksOnText/testDecodePowerOf2UsingStdlib()">
               </Test>
               <Test
                  Identifier = "UInt256BenchmarksOnText/testDecodeUsingStdlib()">
               </Test>
               <Test
                  Identifier = "UInt256BenchmarksOnText/testEncodePowerOf2UsingStdlib()">
               </Test>
               <Test
                  Identifier = "UInt256BenchmarksOnText/testEncodeUsingSwiftStdlib()">
               </Test>
            </SkippedTests>
         </TestableReference>
      </Testables>
   </TestAction>
   <LaunchAction
      buildConfiguration = "Release"
      selectedDebuggerIdentifier = "Xcode.DebuggerFoundation.Debugger.LLDB"
      selectedLauncherIdentifier = "Xcode.DebuggerFoundation.Launcher.LLDB"
      launchStyle = "0"
      useCustomWorkingDirectory = "NO"
      ignoresPersistentStateOnLaunch = "NO"
      debugDocumentVersioning = "YES"
      debugServiceExtension = "internal"
      allowLocationSimulation = "YES">
   </LaunchAction>
   <ProfileAction
      buildConfiguration = "Release"
      shouldUseLaunchSchemeArgsEnv = "YES"
      savedToolIdentifier = ""
      useCustomWorkingDirectory = "NO"
      debugDocumentVersioning = "YES">
      <MacroExpansion>
         <BuildableReference
            BuildableIdentifier = "primary"
            BlueprintIdentifier = "ANKFullWidthKit"
            BuildableName = "ANKFullWidthKit"
            BlueprintName = "ANKFullWidthKit"
            ReferencedContainer = "container:">
         </BuildableReference>
      </MacroExpansion>
   </ProfileAction>
   <AnalyzeAction
      buildConfiguration = "Debug">
   </AnalyzeAction>
   <ArchiveAction
      buildConfiguration = "Release"
      revealArchiveInOrganizer = "YES">
   </ArchiveAction>
</Scheme>
